
Microsoft Visual Studio Solution File, Format Version 12.00
# Visual Studio Version 17
VisualStudioVersion = 17.5.33530.505
MinimumVisualStudioVersion = 10.0.40219.1
Project("{FAE04EC0-301F-11D3-BF4B-00C04F79EFBC}") = "Stratums", "Stratums\Stratums.csproj", "{AE243E89-7E68-4BCE-AD59-E4219BF9080D}"
EndProject
Global
	GlobalSection(SolutionConfigurationPlatforms) = preSolution
		Debug|Any CPU = Debug|Any CPU
		Release|Any CPU = Release|Any CPU
	EndGlobalSection
	GlobalSection(ProjectConfigurationPlatforms) = postSolution
		{AE243E89-7E68-4BCE-AD59-E4219BF9080D}.Debug|Any CPU.ActiveCfg = Debug|Any CPU
		{AE243E89-7E68-4BCE-AD59-E4219BF9080D}.Debug|Any CPU.Build.0 = Debug|Any CPU
		{AE243E89-7E68-4BCE-AD59-E4219BF9080D}.Release|Any CPU.ActiveCfg = Release|Any CPU
		{AE243E89-7E68-4BCE-AD59-E4219BF9080D}.Release|Any CPU.Build.0 = Release|Any CPU
	EndGlobalSection
	GlobalSection(SolutionProperties) = preSolution
		HideSolutionNode = FALSE
	EndGlobalSection
	GlobalSection(ExtensibilityGlobals) = postSolution
		SolutionGuid = {AFB11676-F83A-46AC-B61B-082FD1D1D0ED}
	EndGlobalSection
EndGlobal
